
Microsoft Visual Studio Solution File, Format Version 12.00
# Visual Studio Version 16
VisualStudioVersion = 16.0.32630.194
MinimumVisualStudioVersion = 10.0.40219.1
Project("{8BC9CEB8-8B4A-11D0-8D11-00A0C91BC942}") = "GamesByDate", "LandsOrLOreAlphabet\GamesByDate.vcxproj", "{89AF8480-83B9-439F-8931-DEBF2826C2F1}"
EndProject
Global
	GlobalSection(SolutionConfigurationPlatforms) = preSolution
		Debug|x64 = Debug|x64
		Debug|x86 = Debug|x86
		Release|x64 = Release|x64
		Release|x86 = Release|x86
	EndGlobalSection
	GlobalSection(ProjectConfigurationPlatforms) = postSolution
		{89AF8480-83B9-439F-8931-DEBF2826C2F1}.Debug|x64.ActiveCfg = Debug|x64
		{89AF8480-83B9-439F-8931-DEBF2826C2F1}.Debug|x64.Build.0 = Debug|x64
		{89AF8480-83B9-439F-8931-DEBF2826C2F1}.Debug|x86.ActiveCfg = Debug|Win32
		{89AF8480-83B9-439F-8931-DEBF2826C2F1}.Debug|x86.Build.0 = Debug|Win32
		{89AF8480-83B9-439F-8931-DEBF2826C2F1}.Release|x64.ActiveCfg = Release|x64
		{89AF8480-83B9-439F-8931-DEBF2826C2F1}.Release|x64.Build.0 = Release|x64
		{89AF8480-83B9-439F-8931-DEBF2826C2F1}.Release|x86.ActiveCfg = Release|Win32
		{89AF8480-83B9-439F-8931-DEBF2826C2F1}.Release|x86.Build.0 = Release|Win32
	EndGlobalSection
	GlobalSection(SolutionProperties) = preSolution
		HideSolutionNode = FALSE
	EndGlobalSection
	GlobalSection(ExtensibilityGlobals) = postSolution
		SolutionGuid = {EF19BFA2-4065-4088-9785-D7BCD75656F6}
	EndGlobalSection
EndGlobal
